
Microsoft Visual Studio Solution File, Format Version 12.00
# Visual Studio Version 17
VisualStudioVersion = 17.4.33213.308
MinimumVisualStudioVersion = 10.0.40219.1
Project("{8BC9CEB8-8B4A-11D0-8D11-00A0C91BC942}") = "Exercise", "Exercise\Exercise.vcxproj", "{6B0DF09E-B3C9-4119-BA9E-39C3B3AF00B4}"
EndProject
Project("{8BC9CEB8-8B4A-11D0-8D11-00A0C91BC942}") = "Theory", "Theory\Theory.vcxproj", "{8CB6B718-8662-4B36-8879-F171D8063342}"
EndProject
Project("{8BC9CEB8-8B4A-11D0-8D11-00A0C91BC942}") = "arraystack", "arraystack\arraystack.vcxproj", "{5B09E4B8-DADE-4C34-BE9A-ABDA2EACF53A}"
EndProject
Project("{8BC9CEB8-8B4A-11D0-8D11-00A0C91BC942}") = "linkedstack", "linkedstack\linkedstack.vcxproj", "{FD1FC43A-FCE4-4368-BDB1-CCADAA8C36D9}"
EndProject
Project("{8BC9CEB8-8B4A-11D0-8D11-00A0C91BC942}") = "Stack", "Stack\Stack.vcxproj", "{27DC3C33-3D1A-4785-BA0C-2775568B2835}"
EndProject
Project("{8BC9CEB8-8B4A-11D0-8D11-00A0C91BC942}") = "Queue", "Queue\Queue.vcxproj", "{6886CDD9-07ED-477C-AB07-0DB285579C25}"
EndProject
Project("{8BC9CEB8-8B4A-11D0-8D11-00A0C91BC942}") = "Class", "Class\Class.vcxproj", "{BD8E46B8-74D5-4D3A-BD75-19A95CE57EB2}"
EndProject
Project("{8BC9CEB8-8B4A-11D0-8D11-00A0C91BC942}") = "Myclass", "Myclass\Myclass.vcxproj", "{351656E7-4F52-4A70-B828-209455F40788}"
EndProject
Project("{8BC9CEB8-8B4A-11D0-8D11-00A0C91BC942}") = "MyLinkList", "MyLinkList\MyLinkList.vcxproj", "{AD54E4EF-FAF8-4E04-8B1F-B2E6983E2166}"
EndProject
Global
	GlobalSection(SolutionConfigurationPlatforms) = preSolution
		Debug|x64 = Debug|x64
		Debug|x86 = Debug|x86
		Release|x64 = Release|x64
		Release|x86 = Release|x86
	EndGlobalSection
	GlobalSection(ProjectConfigurationPlatforms) = postSolution
		{6B0DF09E-B3C9-4119-BA9E-39C3B3AF00B4}.Debug|x64.ActiveCfg = Debug|x64
		{6B0DF09E-B3C9-4119-BA9E-39C3B3AF00B4}.Debug|x64.Build.0 = Debug|x64
		{6B0DF09E-B3C9-4119-BA9E-39C3B3AF00B4}.Debug|x86.ActiveCfg = Debug|Win32
		{6B0DF09E-B3C9-4119-BA9E-39C3B3AF00B4}.Debug|x86.Build.0 = Debug|Win32
		{6B0DF09E-B3C9-4119-BA9E-39C3B3AF00B4}.Release|x64.ActiveCfg = Release|x64
		{6B0DF09E-B3C9-4119-BA9E-39C3B3AF00B4}.Release|x64.Build.0 = Release|x64
		{6B0DF09E-B3C9-4119-BA9E-39C3B3AF00B4}.Release|x86.ActiveCfg = Release|Win32
		{6B0DF09E-B3C9-4119-BA9E-39C3B3AF00B4}.Release|x86.Build.0 = Release|Win32
		{8CB6B718-8662-4B36-8879-F171D8063342}.Debug|x64.ActiveCfg = Debug|x64
		{8CB6B718-8662-4B36-8879-F171D8063342}.Debug|x64.Build.0 = Debug|x64
		{8CB6B718-8662-4B36-8879-F171D8063342}.Debug|x86.ActiveCfg = Debug|Win32
		{8CB6B718-8662-4B36-8879-F171D8063342}.Debug|x86.Build.0 = Debug|Win32
		{8CB6B718-8662-4B36-8879-F171D8063342}.Release|x64.ActiveCfg = Release|x64
		{8CB6B718-8662-4B36-8879-F171D8063342}.Release|x64.Build.0 = Release|x64
		{8CB6B718-8662-4B36-8879-F171D8063342}.Release|x86.ActiveCfg = Release|Win32
		{8CB6B718-8662-4B36-8879-F171D8063342}.Release|x86.Build.0 = Release|Win32
		{5B09E4B8-DADE-4C34-BE9A-ABDA2EACF53A}.Debug|x64.ActiveCfg = Debug|x64
		{5B09E4B8-DADE-4C34-BE9A-ABDA2EACF53A}.Debug|x64.Build.0 = Debug|x64
		{5B09E4B8-DADE-4C34-BE9A-ABDA2EACF53A}.Debug|x86.ActiveCfg = Debug|Win32
		{5B09E4B8-DADE-4C34-BE9A-ABDA2EACF53A}.Debug|x86.Build.0 = Debug|Win32
		{5B09E4B8-DADE-4C34-BE9A-ABDA2EACF53A}.Release|x64.ActiveCfg = Release|x64
		{5B09E4B8-DADE-4C34-BE9A-ABDA2EACF53A}.Release|x64.Build.0 = Release|x64
		{5B09E4B8-DADE-4C34-BE9A-ABDA2EACF53A}.Release|x86.ActiveCfg = Release|Win32
		{5B09E4B8-DADE-4C34-BE9A-ABDA2EACF53A}.Release|x86.Build.0 = Release|Win32
		{FD1FC43A-FCE4-4368-BDB1-CCADAA8C36D9}.Debug|x64.ActiveCfg = Debug|x64
		{FD1FC43A-FCE4-4368-BDB1-CCADAA8C36D9}.Debug|x64.Build.0 = Debug|x64
		{FD1FC43A-FCE4-4368-BDB1-CCADAA8C36D9}.Debug|x86.ActiveCfg = Debug|Win32
		{FD1FC43A-FCE4-4368-BDB1-CCADAA8C36D9}.Debug|x86.Build.0 = Debug|Win32
		{FD1FC43A-FCE4-4368-BDB1-CCADAA8C36D9}.Release|x64.ActiveCfg = Release|x64
		{FD1FC43A-FCE4-4368-BDB1-CCADAA8C36D9}.Release|x64.Build.0 = Release|x64
		{FD1FC43A-FCE4-4368-BDB1-CCADAA8C36D9}.Release|x86.ActiveCfg = Release|Win32
		{FD1FC43A-FCE4-4368-BDB1-CCADAA8C36D9}.Release|x86.Build.0 = Release|Win32
		{27DC3C33-3D1A-4785-BA0C-2775568B2835}.Debug|x64.ActiveCfg = Debug|x64
		{27DC3C33-3D1A-4785-BA0C-2775568B2835}.Debug|x64.Build.0 = Debug|x64
		{27DC3C33-3D1A-4785-BA0C-2775568B2835}.Debug|x86.ActiveCfg = Debug|Win32
		{27DC3C33-3D1A-4785-BA0C-2775568B2835}.Debug|x86.Build.0 = Debug|Win32
		{27DC3C33-3D1A-4785-BA0C-2775568B2835}.Release|x64.ActiveCfg = Release|x64
		{27DC3C33-3D1A-4785-BA0C-2775568B2835}.Release|x64.Build.0 = Release|x64
		{27DC3C33-3D1A-4785-BA0C-2775568B2835}.Release|x86.ActiveCfg = Release|Win32
		{27DC3C33-3D1A-4785-BA0C-2775568B2835}.Release|x86.Build.0 = Release|Win32
		{6886CDD9-07ED-477C-AB07-0DB285579C25}.Debug|x64.ActiveCfg = Debug|x64
		{6886CDD9-07ED-477C-AB07-0DB285579C25}.Debug|x64.Build.0 = Debug|x64
		{6886CDD9-07ED-477C-AB07-0DB285579C25}.Debug|x86.ActiveCfg = Debug|Win32
		{6886CDD9-07ED-477C-AB07-0DB285579C25}.Debug|x86.Build.0 = Debug|Win32
		{6886CDD9-07ED-477C-AB07-0DB285579C25}.Release|x64.ActiveCfg = Release|x64
		{6886CDD9-07ED-477C-AB07-0DB285579C25}.Release|x64.Build.0 = Release|x64
		{6886CDD9-07ED-477C-AB07-0DB285579C25}.Release|x86.ActiveCfg = Release|Win32
		{6886CDD9-07ED-477C-AB07-0DB285579C25}.Release|x86.Build.0 = Release|Win32
		{BD8E46B8-74D5-4D3A-BD75-19A95CE57EB2}.Debug|x64.ActiveCfg = Debug|x64
		{BD8E46B8-74D5-4D3A-BD75-19A95CE57EB2}.Debug|x64.Build.0 = Debug|x64
		{BD8E46B8-74D5-4D3A-BD75-19A95CE57EB2}.Debug|x86.ActiveCfg = Debug|Win32
		{BD8E46B8-74D5-4D3A-BD75-19A95CE57EB2}.Debug|x86.Build.0 = Debug|Win32
		{BD8E46B8-74D5-4D3A-BD75-19A95CE57EB2}.Release|x64.ActiveCfg = Release|x64
		{BD8E46B8-74D5-4D3A-BD75-19A95CE57EB2}.Release|x64.Build.0 = Release|x64
		{BD8E46B8-74D5-4D3A-BD75-19A95CE57EB2}.Release|x86.ActiveCfg = Release|Win32
		{BD8E46B8-74D5-4D3A-BD75-19A95CE57EB2}.Release|x86.Build.0 = Release|Win32
		{351656E7-4F52-4A70-B828-209455F40788}.Debug|x64.ActiveCfg = Debug|x64
		{351656E7-4F52-4A70-B828-209455F40788}.Debug|x64.Build.0 = Debug|x64
		{351656E7-4F52-4A70-B828-209455F40788}.Debug|x86.ActiveCfg = Debug|Win32
		{351656E7-4F52-4A70-B828-209455F40788}.Debug|x86.Build.0 = Debug|Win32
		{351656E7-4F52-4A70-B828-209455F40788}.Release|x64.ActiveCfg = Release|x64
		{351656E7-4F52-4A70-B828-209455F40788}.Release|x64.Build.0 = Release|x64
		{351656E7-4F52-4A70-B828-209455F40788}.Release|x86.ActiveCfg = Release|Win32
		{351656E7-4F52-4A70-B828-209455F40788}.Release|x86.Build.0 = Release|Win32
		{AD54E4EF-FAF8-4E04-8B1F-B2E6983E2166}.Debug|x64.ActiveCfg = Debug|x64
		{AD54E4EF-FAF8-4E04-8B1F-B2E6983E2166}.Debug|x64.Build.0 = Debug|x64
		{AD54E4EF-FAF8-4E04-8B1F-B2E6983E2166}.Debug|x86.ActiveCfg = Debug|Win32
		{AD54E4EF-FAF8-4E04-8B1F-B2E6983E2166}.Debug|x86.Build.0 = Debug|Win32
		{AD54E4EF-FAF8-4E04-8B1F-B2E6983E2166}.Release|x64.ActiveCfg = Release|x64
		{AD54E4EF-FAF8-4E04-8B1F-B2E6983E2166}.Release|x64.Build.0 = Release|x64
		{AD54E4EF-FAF8-4E04-8B1F-B2E6983E2166}.Release|x86.ActiveCfg = Release|Win32
		{AD54E4EF-FAF8-4E04-8B1F-B2E6983E2166}.Release|x86.Build.0 = Release|Win32
	EndGlobalSection
	GlobalSection(SolutionProperties) = preSolution
		HideSolutionNode = FALSE
	EndGlobalSection
	GlobalSection(ExtensibilityGlobals) = postSolution
		SolutionGuid = {A94324BA-19A3-4B09-B7A0-B237A38CF792}
	EndGlobalSection
EndGlobal
